
Microsoft Visual Studio Solution File, Format Version 12.00
# Visual Studio 15
Project("{FAE04EC0-301F-11D3-BF4B-00C04F79EFBC}") = "Dark Knight Rider", "Dark Knight Rider.csproj", "{16E5BDDC-B85E-E96B-F00D-0C0DC4D58D09}"
EndProject
Project("{FAE04EC0-301F-11D3-BF4B-00C04F79EFBC}") = "Dark Knight Rider.Editor", "Dark Knight Rider.Editor.csproj", "{D9804E8B-65F1-EDE8-D490-FF1D31C9B567}"
EndProject
Global
	GlobalSection(SolutionConfigurationPlatforms) = preSolution
		Debug|Any CPU = Debug|Any CPU
		Release|Any CPU = Release|Any CPU
	EndGlobalSection
	GlobalSection(ProjectConfigurationPlatforms) = postSolution
		{16E5BDDC-B85E-E96B-F00D-0C0DC4D58D09}.Debug|Any CPU.ActiveCfg = Debug|Any CPU
		{16E5BDDC-B85E-E96B-F00D-0C0DC4D58D09}.Debug|Any CPU.Build.0 = Debug|Any CPU
		{16E5BDDC-B85E-E96B-F00D-0C0DC4D58D09}.Release|Any CPU.ActiveCfg = Release|Any CPU
		{16E5BDDC-B85E-E96B-F00D-0C0DC4D58D09}.Release|Any CPU.Build.0 = Release|Any CPU
		{D9804E8B-65F1-EDE8-D490-FF1D31C9B567}.Debug|Any CPU.ActiveCfg = Debug|Any CPU
		{D9804E8B-65F1-EDE8-D490-FF1D31C9B567}.Debug|Any CPU.Build.0 = Debug|Any CPU
		{D9804E8B-65F1-EDE8-D490-FF1D31C9B567}.Release|Any CPU.ActiveCfg = Release|Any CPU
		{D9804E8B-65F1-EDE8-D490-FF1D31C9B567}.Release|Any CPU.Build.0 = Release|Any CPU
	EndGlobalSection
	GlobalSection(SolutionProperties) = preSolution
		HideSolutionNode = FALSE
	EndGlobalSection
EndGlobal
