
Microsoft Visual Studio Solution File, Format Version 12.00
# Visual Studio 15
Project("{FAE04EC0-301F-11D3-BF4B-00C04F79EFBC}") = "Assembly-CSharp", "Assembly-CSharp.csproj", "{CB7DAAF0-2A15-BB34-69AC-CAA543100590}"
EndProject
Project("{FAE04EC0-301F-11D3-BF4B-00C04F79EFBC}") = "Assembly-CSharp-Editor", "Assembly-CSharp-Editor.csproj", "{20D4CCBA-B0F1-02C8-954D-B4BA155813EA}"
EndProject
Global
	GlobalSection(SolutionConfigurationPlatforms) = preSolution
		Debug|Any CPU = Debug|Any CPU
		Release|Any CPU = Release|Any CPU
	EndGlobalSection
	GlobalSection(ProjectConfigurationPlatforms) = postSolution
		{CB7DAAF0-2A15-BB34-69AC-CAA543100590}.Debug|Any CPU.ActiveCfg = Debug|Any CPU
		{CB7DAAF0-2A15-BB34-69AC-CAA543100590}.Debug|Any CPU.Build.0 = Debug|Any CPU
		{CB7DAAF0-2A15-BB34-69AC-CAA543100590}.Release|Any CPU.ActiveCfg = Release|Any CPU
		{CB7DAAF0-2A15-BB34-69AC-CAA543100590}.Release|Any CPU.Build.0 = Release|Any CPU
		{20D4CCBA-B0F1-02C8-954D-B4BA155813EA}.Debug|Any CPU.ActiveCfg = Debug|Any CPU
		{20D4CCBA-B0F1-02C8-954D-B4BA155813EA}.Debug|Any CPU.Build.0 = Debug|Any CPU
		{20D4CCBA-B0F1-02C8-954D-B4BA155813EA}.Release|Any CPU.ActiveCfg = Release|Any CPU
		{20D4CCBA-B0F1-02C8-954D-B4BA155813EA}.Release|Any CPU.Build.0 = Release|Any CPU
	EndGlobalSection
	GlobalSection(SolutionProperties) = preSolution
		HideSolutionNode = FALSE
	EndGlobalSection
EndGlobal
